
Microsoft Visual Studio Solution File, Format Version 12.00
# Visual Studio Version 17
VisualStudioVersion = 17.8.34408.163
MinimumVisualStudioVersion = 10.0.40219.1
Project("{8BC9CEB8-8B4A-11D0-8D11-00A0C91BC942}") = "ex01", "ex01\ex01.vcxproj", "{BBE59C1C-386B-42F2-8B6D-923A8CCF9094}"
EndProject
Project("{8BC9CEB8-8B4A-11D0-8D11-00A0C91BC942}") = "ex02", "ex02\ex02.vcxproj", "{29FB862F-E52A-49D5-85E6-923DE9A675D9}"
EndProject
Project("{8BC9CEB8-8B4A-11D0-8D11-00A0C91BC942}") = "ex03", "ex03\ex03.vcxproj", "{0737DBE4-2B5B-483A-9E2F-3A9146088C39}"
EndProject
Project("{8BC9CEB8-8B4A-11D0-8D11-00A0C91BC942}") = "ex04", "ex04\ex04.vcxproj", "{B3BC39CB-5F44-4634-B47F-519CC0988B0E}"
EndProject
Project("{8BC9CEB8-8B4A-11D0-8D11-00A0C91BC942}") = "ex05", "ex05\ex05.vcxproj", "{7714AD54-191C-4399-A65F-5BF965058DE8}"
EndProject
Project("{8BC9CEB8-8B4A-11D0-8D11-00A0C91BC942}") = "ex06", "ex06\ex06.vcxproj", "{FDE36D67-8235-4F15-ABAA-72625C1C3B79}"
EndProject
Project("{8BC9CEB8-8B4A-11D0-8D11-00A0C91BC942}") = "ex07", "ex07\ex07.vcxproj", "{8912724E-B874-4669-B79D-B186D3011B28}"
EndProject
Project("{8BC9CEB8-8B4A-11D0-8D11-00A0C91BC942}") = "ex08", "ex08\ex08.vcxproj", "{64555254-3F6A-4CE3-A118-70D5DC7E5FE9}"
EndProject
Project("{8BC9CEB8-8B4A-11D0-8D11-00A0C91BC942}") = "ex09", "ex09\ex09.vcxproj", "{E9B25A5F-8A18-4912-99D2-6E615CDB9F81}"
EndProject
Global
	GlobalSection(SolutionConfigurationPlatforms) = preSolution
		Debug|x64 = Debug|x64
		Debug|x86 = Debug|x86
		Release|x64 = Release|x64
		Release|x86 = Release|x86
	EndGlobalSection
	GlobalSection(ProjectConfigurationPlatforms) = postSolution
		{BBE59C1C-386B-42F2-8B6D-923A8CCF9094}.Debug|x64.ActiveCfg = Debug|x64
		{BBE59C1C-386B-42F2-8B6D-923A8CCF9094}.Debug|x64.Build.0 = Debug|x64
		{BBE59C1C-386B-42F2-8B6D-923A8CCF9094}.Debug|x86.ActiveCfg = Debug|Win32
		{BBE59C1C-386B-42F2-8B6D-923A8CCF9094}.Debug|x86.Build.0 = Debug|Win32
		{BBE59C1C-386B-42F2-8B6D-923A8CCF9094}.Release|x64.ActiveCfg = Release|x64
		{BBE59C1C-386B-42F2-8B6D-923A8CCF9094}.Release|x64.Build.0 = Release|x64
		{BBE59C1C-386B-42F2-8B6D-923A8CCF9094}.Release|x86.ActiveCfg = Release|Win32
		{BBE59C1C-386B-42F2-8B6D-923A8CCF9094}.Release|x86.Build.0 = Release|Win32
		{29FB862F-E52A-49D5-85E6-923DE9A675D9}.Debug|x64.ActiveCfg = Debug|x64
		{29FB862F-E52A-49D5-85E6-923DE9A675D9}.Debug|x64.Build.0 = Debug|x64
		{29FB862F-E52A-49D5-85E6-923DE9A675D9}.Debug|x86.ActiveCfg = Debug|Win32
		{29FB862F-E52A-49D5-85E6-923DE9A675D9}.Debug|x86.Build.0 = Debug|Win32
		{29FB862F-E52A-49D5-85E6-923DE9A675D9}.Release|x64.ActiveCfg = Release|x64
		{29FB862F-E52A-49D5-85E6-923DE9A675D9}.Release|x64.Build.0 = Release|x64
		{29FB862F-E52A-49D5-85E6-923DE9A675D9}.Release|x86.ActiveCfg = Release|Win32
		{29FB862F-E52A-49D5-85E6-923DE9A675D9}.Release|x86.Build.0 = Release|Win32
		{0737DBE4-2B5B-483A-9E2F-3A9146088C39}.Debug|x64.ActiveCfg = Debug|x64
		{0737DBE4-2B5B-483A-9E2F-3A9146088C39}.Debug|x64.Build.0 = Debug|x64
		{0737DBE4-2B5B-483A-9E2F-3A9146088C39}.Debug|x86.ActiveCfg = Debug|Win32
		{0737DBE4-2B5B-483A-9E2F-3A9146088C39}.Debug|x86.Build.0 = Debug|Win32
		{0737DBE4-2B5B-483A-9E2F-3A9146088C39}.Release|x64.ActiveCfg = Release|x64
		{0737DBE4-2B5B-483A-9E2F-3A9146088C39}.Release|x64.Build.0 = Release|x64
		{0737DBE4-2B5B-483A-9E2F-3A9146088C39}.Release|x86.ActiveCfg = Release|Win32
		{0737DBE4-2B5B-483A-9E2F-3A9146088C39}.Release|x86.Build.0 = Release|Win32
		{B3BC39CB-5F44-4634-B47F-519CC0988B0E}.Debug|x64.ActiveCfg = Debug|x64
		{B3BC39CB-5F44-4634-B47F-519CC0988B0E}.Debug|x64.Build.0 = Debug|x64
		{B3BC39CB-5F44-4634-B47F-519CC0988B0E}.Debug|x86.ActiveCfg = Debug|Win32
		{B3BC39CB-5F44-4634-B47F-519CC0988B0E}.Debug|x86.Build.0 = Debug|Win32
		{B3BC39CB-5F44-4634-B47F-519CC0988B0E}.Release|x64.ActiveCfg = Release|x64
		{B3BC39CB-5F44-4634-B47F-519CC0988B0E}.Release|x64.Build.0 = Release|x64
		{B3BC39CB-5F44-4634-B47F-519CC0988B0E}.Release|x86.ActiveCfg = Release|Win32
		{B3BC39CB-5F44-4634-B47F-519CC0988B0E}.Release|x86.Build.0 = Release|Win32
		{7714AD54-191C-4399-A65F-5BF965058DE8}.Debug|x64.ActiveCfg = Debug|x64
		{7714AD54-191C-4399-A65F-5BF965058DE8}.Debug|x64.Build.0 = Debug|x64
		{7714AD54-191C-4399-A65F-5BF965058DE8}.Debug|x86.ActiveCfg = Debug|Win32
		{7714AD54-191C-4399-A65F-5BF965058DE8}.Debug|x86.Build.0 = Debug|Win32
		{7714AD54-191C-4399-A65F-5BF965058DE8}.Release|x64.ActiveCfg = Release|x64
		{7714AD54-191C-4399-A65F-5BF965058DE8}.Release|x64.Build.0 = Release|x64
		{7714AD54-191C-4399-A65F-5BF965058DE8}.Release|x86.ActiveCfg = Release|Win32
		{7714AD54-191C-4399-A65F-5BF965058DE8}.Release|x86.Build.0 = Release|Win32
		{FDE36D67-8235-4F15-ABAA-72625C1C3B79}.Debug|x64.ActiveCfg = Debug|x64
		{FDE36D67-8235-4F15-ABAA-72625C1C3B79}.Debug|x64.Build.0 = Debug|x64
		{FDE36D67-8235-4F15-ABAA-72625C1C3B79}.Debug|x86.ActiveCfg = Debug|Win32
		{FDE36D67-8235-4F15-ABAA-72625C1C3B79}.Debug|x86.Build.0 = Debug|Win32
		{FDE36D67-8235-4F15-ABAA-72625C1C3B79}.Release|x64.ActiveCfg = Release|x64
		{FDE36D67-8235-4F15-ABAA-72625C1C3B79}.Release|x64.Build.0 = Release|x64
		{FDE36D67-8235-4F15-ABAA-72625C1C3B79}.Release|x86.ActiveCfg = Release|Win32
		{FDE36D67-8235-4F15-ABAA-72625C1C3B79}.Release|x86.Build.0 = Release|Win32
		{8912724E-B874-4669-B79D-B186D3011B28}.Debug|x64.ActiveCfg = Debug|x64
		{8912724E-B874-4669-B79D-B186D3011B28}.Debug|x64.Build.0 = Debug|x64
		{8912724E-B874-4669-B79D-B186D3011B28}.Debug|x86.ActiveCfg = Debug|Win32
		{8912724E-B874-4669-B79D-B186D3011B28}.Debug|x86.Build.0 = Debug|Win32
		{8912724E-B874-4669-B79D-B186D3011B28}.Release|x64.ActiveCfg = Release|x64
		{8912724E-B874-4669-B79D-B186D3011B28}.Release|x64.Build.0 = Release|x64
		{8912724E-B874-4669-B79D-B186D3011B28}.Release|x86.ActiveCfg = Release|Win32
		{8912724E-B874-4669-B79D-B186D3011B28}.Release|x86.Build.0 = Release|Win32
		{64555254-3F6A-4CE3-A118-70D5DC7E5FE9}.Debug|x64.ActiveCfg = Debug|x64
		{64555254-3F6A-4CE3-A118-70D5DC7E5FE9}.Debug|x64.Build.0 = Debug|x64
		{64555254-3F6A-4CE3-A118-70D5DC7E5FE9}.Debug|x86.ActiveCfg = Debug|Win32
		{64555254-3F6A-4CE3-A118-70D5DC7E5FE9}.Debug|x86.Build.0 = Debug|Win32
		{64555254-3F6A-4CE3-A118-70D5DC7E5FE9}.Release|x64.ActiveCfg = Release|x64
		{64555254-3F6A-4CE3-A118-70D5DC7E5FE9}.Release|x64.Build.0 = Release|x64
		{64555254-3F6A-4CE3-A118-70D5DC7E5FE9}.Release|x86.ActiveCfg = Release|Win32
		{64555254-3F6A-4CE3-A118-70D5DC7E5FE9}.Release|x86.Build.0 = Release|Win32
		{E9B25A5F-8A18-4912-99D2-6E615CDB9F81}.Debug|x64.ActiveCfg = Debug|x64
		{E9B25A5F-8A18-4912-99D2-6E615CDB9F81}.Debug|x64.Build.0 = Debug|x64
		{E9B25A5F-8A18-4912-99D2-6E615CDB9F81}.Debug|x86.ActiveCfg = Debug|Win32
		{E9B25A5F-8A18-4912-99D2-6E615CDB9F81}.Debug|x86.Build.0 = Debug|Win32
		{E9B25A5F-8A18-4912-99D2-6E615CDB9F81}.Release|x64.ActiveCfg = Release|x64
		{E9B25A5F-8A18-4912-99D2-6E615CDB9F81}.Release|x64.Build.0 = Release|x64
		{E9B25A5F-8A18-4912-99D2-6E615CDB9F81}.Release|x86.ActiveCfg = Release|Win32
		{E9B25A5F-8A18-4912-99D2-6E615CDB9F81}.Release|x86.Build.0 = Release|Win32
	EndGlobalSection
	GlobalSection(SolutionProperties) = preSolution
		HideSolutionNode = FALSE
	EndGlobalSection
	GlobalSection(ExtensibilityGlobals) = postSolution
		SolutionGuid = {07E3CBB5-6150-4BFC-9F67-CFF544B88503}
	EndGlobalSection
EndGlobal
