
Microsoft Visual Studio Solution File, Format Version 12.00
# Visual Studio Version 17
VisualStudioVersion = 17.8.34408.163
MinimumVisualStudioVersion = 10.0.40219.1
Project("{8BC9CEB8-8B4A-11D0-8D11-00A0C91BC942}") = "ex01", "ex01\ex01.vcxproj", "{658CB59A-F01A-4A1B-B7EC-CB03E68C847C}"
EndProject
Project("{8BC9CEB8-8B4A-11D0-8D11-00A0C91BC942}") = "ex02", "ex02\ex02.vcxproj", "{4232A9EE-F2DB-4AA7-91E3-F9B7D54F417D}"
EndProject
Project("{8BC9CEB8-8B4A-11D0-8D11-00A0C91BC942}") = "ex03", "ex03\ex03.vcxproj", "{AF4CE91F-12D9-4B3F-82C4-1B5DEF758C79}"
EndProject
Project("{8BC9CEB8-8B4A-11D0-8D11-00A0C91BC942}") = "ex04", "ex04\ex04.vcxproj", "{BE8C32DF-6E84-4588-9DA4-4E0B6F2D7EAE}"
EndProject
Project("{8BC9CEB8-8B4A-11D0-8D11-00A0C91BC942}") = "ex05", "ex05\ex05.vcxproj", "{2A474F70-A930-4231-96E6-FC474AFDB28F}"
EndProject
Project("{8BC9CEB8-8B4A-11D0-8D11-00A0C91BC942}") = "ex06", "ex06\ex06.vcxproj", "{6426DBB4-F5E4-4FF1-AC97-0EA59F79B02A}"
EndProject
Project("{8BC9CEB8-8B4A-11D0-8D11-00A0C91BC942}") = "ex07", "ex07\ex07.vcxproj", "{4F07710B-6019-4E4C-8D58-308FA1C7488C}"
EndProject
Project("{8BC9CEB8-8B4A-11D0-8D11-00A0C91BC942}") = "ex08", "ex08\ex08.vcxproj", "{AAC1AC13-15F0-4ACD-92BC-955DFAFA7085}"
EndProject
Project("{8BC9CEB8-8B4A-11D0-8D11-00A0C91BC942}") = "ex09", "ex09\ex09.vcxproj", "{4AD6D5B3-4C2B-43A8-94DB-BCA4AD8C98C9}"
EndProject
Project("{8BC9CEB8-8B4A-11D0-8D11-00A0C91BC942}") = "ex10", "ex10\ex10.vcxproj", "{EA09A95E-6040-4FD9-B16C-D4D6354C8D4A}"
EndProject
Global
	GlobalSection(SolutionConfigurationPlatforms) = preSolution
		Debug|x64 = Debug|x64
		Debug|x86 = Debug|x86
		Release|x64 = Release|x64
		Release|x86 = Release|x86
	EndGlobalSection
	GlobalSection(ProjectConfigurationPlatforms) = postSolution
		{658CB59A-F01A-4A1B-B7EC-CB03E68C847C}.Debug|x64.ActiveCfg = Debug|x64
		{658CB59A-F01A-4A1B-B7EC-CB03E68C847C}.Debug|x64.Build.0 = Debug|x64
		{658CB59A-F01A-4A1B-B7EC-CB03E68C847C}.Debug|x86.ActiveCfg = Debug|Win32
		{658CB59A-F01A-4A1B-B7EC-CB03E68C847C}.Debug|x86.Build.0 = Debug|Win32
		{658CB59A-F01A-4A1B-B7EC-CB03E68C847C}.Release|x64.ActiveCfg = Release|x64
		{658CB59A-F01A-4A1B-B7EC-CB03E68C847C}.Release|x64.Build.0 = Release|x64
		{658CB59A-F01A-4A1B-B7EC-CB03E68C847C}.Release|x86.ActiveCfg = Release|Win32
		{658CB59A-F01A-4A1B-B7EC-CB03E68C847C}.Release|x86.Build.0 = Release|Win32
		{4232A9EE-F2DB-4AA7-91E3-F9B7D54F417D}.Debug|x64.ActiveCfg = Debug|x64
		{4232A9EE-F2DB-4AA7-91E3-F9B7D54F417D}.Debug|x64.Build.0 = Debug|x64
		{4232A9EE-F2DB-4AA7-91E3-F9B7D54F417D}.Debug|x86.ActiveCfg = Debug|Win32
		{4232A9EE-F2DB-4AA7-91E3-F9B7D54F417D}.Debug|x86.Build.0 = Debug|Win32
		{4232A9EE-F2DB-4AA7-91E3-F9B7D54F417D}.Release|x64.ActiveCfg = Release|x64
		{4232A9EE-F2DB-4AA7-91E3-F9B7D54F417D}.Release|x64.Build.0 = Release|x64
		{4232A9EE-F2DB-4AA7-91E3-F9B7D54F417D}.Release|x86.ActiveCfg = Release|Win32
		{4232A9EE-F2DB-4AA7-91E3-F9B7D54F417D}.Release|x86.Build.0 = Release|Win32
		{AF4CE91F-12D9-4B3F-82C4-1B5DEF758C79}.Debug|x64.ActiveCfg = Debug|x64
		{AF4CE91F-12D9-4B3F-82C4-1B5DEF758C79}.Debug|x64.Build.0 = Debug|x64
		{AF4CE91F-12D9-4B3F-82C4-1B5DEF758C79}.Debug|x86.ActiveCfg = Debug|Win32
		{AF4CE91F-12D9-4B3F-82C4-1B5DEF758C79}.Debug|x86.Build.0 = Debug|Win32
		{AF4CE91F-12D9-4B3F-82C4-1B5DEF758C79}.Release|x64.ActiveCfg = Release|x64
		{AF4CE91F-12D9-4B3F-82C4-1B5DEF758C79}.Release|x64.Build.0 = Release|x64
		{AF4CE91F-12D9-4B3F-82C4-1B5DEF758C79}.Release|x86.ActiveCfg = Release|Win32
		{AF4CE91F-12D9-4B3F-82C4-1B5DEF758C79}.Release|x86.Build.0 = Release|Win32
		{BE8C32DF-6E84-4588-9DA4-4E0B6F2D7EAE}.Debug|x64.ActiveCfg = Debug|x64
		{BE8C32DF-6E84-4588-9DA4-4E0B6F2D7EAE}.Debug|x64.Build.0 = Debug|x64
		{BE8C32DF-6E84-4588-9DA4-4E0B6F2D7EAE}.Debug|x86.ActiveCfg = Debug|Win32
		{BE8C32DF-6E84-4588-9DA4-4E0B6F2D7EAE}.Debug|x86.Build.0 = Debug|Win32
		{BE8C32DF-6E84-4588-9DA4-4E0B6F2D7EAE}.Release|x64.ActiveCfg = Release|x64
		{BE8C32DF-6E84-4588-9DA4-4E0B6F2D7EAE}.Release|x64.Build.0 = Release|x64
		{BE8C32DF-6E84-4588-9DA4-4E0B6F2D7EAE}.Release|x86.ActiveCfg = Release|Win32
		{BE8C32DF-6E84-4588-9DA4-4E0B6F2D7EAE}.Release|x86.Build.0 = Release|Win32
		{2A474F70-A930-4231-96E6-FC474AFDB28F}.Debug|x64.ActiveCfg = Debug|x64
		{2A474F70-A930-4231-96E6-FC474AFDB28F}.Debug|x64.Build.0 = Debug|x64
		{2A474F70-A930-4231-96E6-FC474AFDB28F}.Debug|x86.ActiveCfg = Debug|Win32
		{2A474F70-A930-4231-96E6-FC474AFDB28F}.Debug|x86.Build.0 = Debug|Win32
		{2A474F70-A930-4231-96E6-FC474AFDB28F}.Release|x64.ActiveCfg = Release|x64
		{2A474F70-A930-4231-96E6-FC474AFDB28F}.Release|x64.Build.0 = Release|x64
		{2A474F70-A930-4231-96E6-FC474AFDB28F}.Release|x86.ActiveCfg = Release|Win32
		{2A474F70-A930-4231-96E6-FC474AFDB28F}.Release|x86.Build.0 = Release|Win32
		{6426DBB4-F5E4-4FF1-AC97-0EA59F79B02A}.Debug|x64.ActiveCfg = Debug|x64
		{6426DBB4-F5E4-4FF1-AC97-0EA59F79B02A}.Debug|x64.Build.0 = Debug|x64
		{6426DBB4-F5E4-4FF1-AC97-0EA59F79B02A}.Debug|x86.ActiveCfg = Debug|Win32
		{6426DBB4-F5E4-4FF1-AC97-0EA59F79B02A}.Debug|x86.Build.0 = Debug|Win32
		{6426DBB4-F5E4-4FF1-AC97-0EA59F79B02A}.Release|x64.ActiveCfg = Release|x64
		{6426DBB4-F5E4-4FF1-AC97-0EA59F79B02A}.Release|x64.Build.0 = Release|x64
		{6426DBB4-F5E4-4FF1-AC97-0EA59F79B02A}.Release|x86.ActiveCfg = Release|Win32
		{6426DBB4-F5E4-4FF1-AC97-0EA59F79B02A}.Release|x86.Build.0 = Release|Win32
		{4F07710B-6019-4E4C-8D58-308FA1C7488C}.Debug|x64.ActiveCfg = Debug|x64
		{4F07710B-6019-4E4C-8D58-308FA1C7488C}.Debug|x64.Build.0 = Debug|x64
		{4F07710B-6019-4E4C-8D58-308FA1C7488C}.Debug|x86.ActiveCfg = Debug|Win32
		{4F07710B-6019-4E4C-8D58-308FA1C7488C}.Debug|x86.Build.0 = Debug|Win32
		{4F07710B-6019-4E4C-8D58-308FA1C7488C}.Release|x64.ActiveCfg = Release|x64
		{4F07710B-6019-4E4C-8D58-308FA1C7488C}.Release|x64.Build.0 = Release|x64
		{4F07710B-6019-4E4C-8D58-308FA1C7488C}.Release|x86.ActiveCfg = Release|Win32
		{4F07710B-6019-4E4C-8D58-308FA1C7488C}.Release|x86.Build.0 = Release|Win32
		{AAC1AC13-15F0-4ACD-92BC-955DFAFA7085}.Debug|x64.ActiveCfg = Debug|x64
		{AAC1AC13-15F0-4ACD-92BC-955DFAFA7085}.Debug|x64.Build.0 = Debug|x64
		{AAC1AC13-15F0-4ACD-92BC-955DFAFA7085}.Debug|x86.ActiveCfg = Debug|Win32
		{AAC1AC13-15F0-4ACD-92BC-955DFAFA7085}.Debug|x86.Build.0 = Debug|Win32
		{AAC1AC13-15F0-4ACD-92BC-955DFAFA7085}.Release|x64.ActiveCfg = Release|x64
		{AAC1AC13-15F0-4ACD-92BC-955DFAFA7085}.Release|x64.Build.0 = Release|x64
		{AAC1AC13-15F0-4ACD-92BC-955DFAFA7085}.Release|x86.ActiveCfg = Release|Win32
		{AAC1AC13-15F0-4ACD-92BC-955DFAFA7085}.Release|x86.Build.0 = Release|Win32
		{4AD6D5B3-4C2B-43A8-94DB-BCA4AD8C98C9}.Debug|x64.ActiveCfg = Debug|x64
		{4AD6D5B3-4C2B-43A8-94DB-BCA4AD8C98C9}.Debug|x64.Build.0 = Debug|x64
		{4AD6D5B3-4C2B-43A8-94DB-BCA4AD8C98C9}.Debug|x86.ActiveCfg = Debug|Win32
		{4AD6D5B3-4C2B-43A8-94DB-BCA4AD8C98C9}.Debug|x86.Build.0 = Debug|Win32
		{4AD6D5B3-4C2B-43A8-94DB-BCA4AD8C98C9}.Release|x64.ActiveCfg = Release|x64
		{4AD6D5B3-4C2B-43A8-94DB-BCA4AD8C98C9}.Release|x64.Build.0 = Release|x64
		{4AD6D5B3-4C2B-43A8-94DB-BCA4AD8C98C9}.Release|x86.ActiveCfg = Release|Win32
		{4AD6D5B3-4C2B-43A8-94DB-BCA4AD8C98C9}.Release|x86.Build.0 = Release|Win32
		{EA09A95E-6040-4FD9-B16C-D4D6354C8D4A}.Debug|x64.ActiveCfg = Debug|x64
		{EA09A95E-6040-4FD9-B16C-D4D6354C8D4A}.Debug|x64.Build.0 = Debug|x64
		{EA09A95E-6040-4FD9-B16C-D4D6354C8D4A}.Debug|x86.ActiveCfg = Debug|Win32
		{EA09A95E-6040-4FD9-B16C-D4D6354C8D4A}.Debug|x86.Build.0 = Debug|Win32
		{EA09A95E-6040-4FD9-B16C-D4D6354C8D4A}.Release|x64.ActiveCfg = Release|x64
		{EA09A95E-6040-4FD9-B16C-D4D6354C8D4A}.Release|x64.Build.0 = Release|x64
		{EA09A95E-6040-4FD9-B16C-D4D6354C8D4A}.Release|x86.ActiveCfg = Release|Win32
		{EA09A95E-6040-4FD9-B16C-D4D6354C8D4A}.Release|x86.Build.0 = Release|Win32
	EndGlobalSection
	GlobalSection(SolutionProperties) = preSolution
		HideSolutionNode = FALSE
	EndGlobalSection
	GlobalSection(ExtensibilityGlobals) = postSolution
		SolutionGuid = {5F3D4993-B811-435E-9979-598078B083FE}
	EndGlobalSection
EndGlobal
