
Microsoft Visual Studio Solution File, Format Version 12.00
# Visual Studio Version 17
VisualStudioVersion = 17.8.34408.163
MinimumVisualStudioVersion = 10.0.40219.1
Project("{8BC9CEB8-8B4A-11D0-8D11-00A0C91BC942}") = "ex01a", "ex01\ex01.vcxproj", "{CAE7ED10-9570-451D-81AB-E60636ED879D}"
EndProject
Project("{8BC9CEB8-8B4A-11D0-8D11-00A0C91BC942}") = "ex01b", "ex01b\ex01b.vcxproj", "{7D1B7931-66CD-4970-8271-F25CA0DF38E3}"
EndProject
Project("{8BC9CEB8-8B4A-11D0-8D11-00A0C91BC942}") = "ex02", "ex02\ex02.vcxproj", "{5B6E6777-371B-417D-BB9E-13BD1A50578A}"
EndProject
Project("{8BC9CEB8-8B4A-11D0-8D11-00A0C91BC942}") = "ex03", "ex03\ex03.vcxproj", "{13907CC6-6F0E-491A-913B-F55500D5DCE6}"
EndProject
Project("{8BC9CEB8-8B4A-11D0-8D11-00A0C91BC942}") = "ex04", "ex04\ex04.vcxproj", "{4D5E4D40-82E2-4EDC-BFBB-BD9E34C9A9E8}"
EndProject
Project("{8BC9CEB8-8B4A-11D0-8D11-00A0C91BC942}") = "ex05", "ex05\ex05.vcxproj", "{5A529493-8B80-4D4C-9767-73E14450CD74}"
EndProject
Project("{8BC9CEB8-8B4A-11D0-8D11-00A0C91BC942}") = "ex06", "ex06\ex06.vcxproj", "{81977EE3-7B47-4C96-BCEF-4AFADC5C072D}"
EndProject
Project("{8BC9CEB8-8B4A-11D0-8D11-00A0C91BC942}") = "ex07", "ex07\ex07.vcxproj", "{3D017357-8D39-40E7-869D-5F38110F7F7C}"
EndProject
Project("{8BC9CEB8-8B4A-11D0-8D11-00A0C91BC942}") = "ex08", "ex08\ex08.vcxproj", "{B7A3DF98-4F00-42E6-91BF-5245F4E0C3DC}"
EndProject
Project("{8BC9CEB8-8B4A-11D0-8D11-00A0C91BC942}") = "ex09", "ex09\ex09.vcxproj", "{D4D9CF19-BBCA-4428-8E1A-1C38C0F2E424}"
EndProject
Global
	GlobalSection(SolutionConfigurationPlatforms) = preSolution
		Debug|x64 = Debug|x64
		Debug|x86 = Debug|x86
		Release|x64 = Release|x64
		Release|x86 = Release|x86
	EndGlobalSection
	GlobalSection(ProjectConfigurationPlatforms) = postSolution
		{CAE7ED10-9570-451D-81AB-E60636ED879D}.Debug|x64.ActiveCfg = Debug|x64
		{CAE7ED10-9570-451D-81AB-E60636ED879D}.Debug|x64.Build.0 = Debug|x64
		{CAE7ED10-9570-451D-81AB-E60636ED879D}.Debug|x86.ActiveCfg = Debug|Win32
		{CAE7ED10-9570-451D-81AB-E60636ED879D}.Debug|x86.Build.0 = Debug|Win32
		{CAE7ED10-9570-451D-81AB-E60636ED879D}.Release|x64.ActiveCfg = Release|x64
		{CAE7ED10-9570-451D-81AB-E60636ED879D}.Release|x64.Build.0 = Release|x64
		{CAE7ED10-9570-451D-81AB-E60636ED879D}.Release|x86.ActiveCfg = Release|Win32
		{CAE7ED10-9570-451D-81AB-E60636ED879D}.Release|x86.Build.0 = Release|Win32
		{7D1B7931-66CD-4970-8271-F25CA0DF38E3}.Debug|x64.ActiveCfg = Debug|x64
		{7D1B7931-66CD-4970-8271-F25CA0DF38E3}.Debug|x64.Build.0 = Debug|x64
		{7D1B7931-66CD-4970-8271-F25CA0DF38E3}.Debug|x86.ActiveCfg = Debug|Win32
		{7D1B7931-66CD-4970-8271-F25CA0DF38E3}.Debug|x86.Build.0 = Debug|Win32
		{7D1B7931-66CD-4970-8271-F25CA0DF38E3}.Release|x64.ActiveCfg = Release|x64
		{7D1B7931-66CD-4970-8271-F25CA0DF38E3}.Release|x64.Build.0 = Release|x64
		{7D1B7931-66CD-4970-8271-F25CA0DF38E3}.Release|x86.ActiveCfg = Release|Win32
		{7D1B7931-66CD-4970-8271-F25CA0DF38E3}.Release|x86.Build.0 = Release|Win32
		{5B6E6777-371B-417D-BB9E-13BD1A50578A}.Debug|x64.ActiveCfg = Debug|x64
		{5B6E6777-371B-417D-BB9E-13BD1A50578A}.Debug|x64.Build.0 = Debug|x64
		{5B6E6777-371B-417D-BB9E-13BD1A50578A}.Debug|x86.ActiveCfg = Debug|Win32
		{5B6E6777-371B-417D-BB9E-13BD1A50578A}.Debug|x86.Build.0 = Debug|Win32
		{5B6E6777-371B-417D-BB9E-13BD1A50578A}.Release|x64.ActiveCfg = Release|x64
		{5B6E6777-371B-417D-BB9E-13BD1A50578A}.Release|x64.Build.0 = Release|x64
		{5B6E6777-371B-417D-BB9E-13BD1A50578A}.Release|x86.ActiveCfg = Release|Win32
		{5B6E6777-371B-417D-BB9E-13BD1A50578A}.Release|x86.Build.0 = Release|Win32
		{13907CC6-6F0E-491A-913B-F55500D5DCE6}.Debug|x64.ActiveCfg = Debug|x64
		{13907CC6-6F0E-491A-913B-F55500D5DCE6}.Debug|x64.Build.0 = Debug|x64
		{13907CC6-6F0E-491A-913B-F55500D5DCE6}.Debug|x86.ActiveCfg = Debug|Win32
		{13907CC6-6F0E-491A-913B-F55500D5DCE6}.Debug|x86.Build.0 = Debug|Win32
		{13907CC6-6F0E-491A-913B-F55500D5DCE6}.Release|x64.ActiveCfg = Release|x64
		{13907CC6-6F0E-491A-913B-F55500D5DCE6}.Release|x64.Build.0 = Release|x64
		{13907CC6-6F0E-491A-913B-F55500D5DCE6}.Release|x86.ActiveCfg = Release|Win32
		{13907CC6-6F0E-491A-913B-F55500D5DCE6}.Release|x86.Build.0 = Release|Win32
		{4D5E4D40-82E2-4EDC-BFBB-BD9E34C9A9E8}.Debug|x64.ActiveCfg = Debug|x64
		{4D5E4D40-82E2-4EDC-BFBB-BD9E34C9A9E8}.Debug|x64.Build.0 = Debug|x64
		{4D5E4D40-82E2-4EDC-BFBB-BD9E34C9A9E8}.Debug|x86.ActiveCfg = Debug|Win32
		{4D5E4D40-82E2-4EDC-BFBB-BD9E34C9A9E8}.Debug|x86.Build.0 = Debug|Win32
		{4D5E4D40-82E2-4EDC-BFBB-BD9E34C9A9E8}.Release|x64.ActiveCfg = Release|x64
		{4D5E4D40-82E2-4EDC-BFBB-BD9E34C9A9E8}.Release|x64.Build.0 = Release|x64
		{4D5E4D40-82E2-4EDC-BFBB-BD9E34C9A9E8}.Release|x86.ActiveCfg = Release|Win32
		{4D5E4D40-82E2-4EDC-BFBB-BD9E34C9A9E8}.Release|x86.Build.0 = Release|Win32
		{5A529493-8B80-4D4C-9767-73E14450CD74}.Debug|x64.ActiveCfg = Debug|x64
		{5A529493-8B80-4D4C-9767-73E14450CD74}.Debug|x64.Build.0 = Debug|x64
		{5A529493-8B80-4D4C-9767-73E14450CD74}.Debug|x86.ActiveCfg = Debug|Win32
		{5A529493-8B80-4D4C-9767-73E14450CD74}.Debug|x86.Build.0 = Debug|Win32
		{5A529493-8B80-4D4C-9767-73E14450CD74}.Release|x64.ActiveCfg = Release|x64
		{5A529493-8B80-4D4C-9767-73E14450CD74}.Release|x64.Build.0 = Release|x64
		{5A529493-8B80-4D4C-9767-73E14450CD74}.Release|x86.ActiveCfg = Release|Win32
		{5A529493-8B80-4D4C-9767-73E14450CD74}.Release|x86.Build.0 = Release|Win32
		{81977EE3-7B47-4C96-BCEF-4AFADC5C072D}.Debug|x64.ActiveCfg = Debug|x64
		{81977EE3-7B47-4C96-BCEF-4AFADC5C072D}.Debug|x64.Build.0 = Debug|x64
		{81977EE3-7B47-4C96-BCEF-4AFADC5C072D}.Debug|x86.ActiveCfg = Debug|Win32
		{81977EE3-7B47-4C96-BCEF-4AFADC5C072D}.Debug|x86.Build.0 = Debug|Win32
		{81977EE3-7B47-4C96-BCEF-4AFADC5C072D}.Release|x64.ActiveCfg = Release|x64
		{81977EE3-7B47-4C96-BCEF-4AFADC5C072D}.Release|x64.Build.0 = Release|x64
		{81977EE3-7B47-4C96-BCEF-4AFADC5C072D}.Release|x86.ActiveCfg = Release|Win32
		{81977EE3-7B47-4C96-BCEF-4AFADC5C072D}.Release|x86.Build.0 = Release|Win32
		{3D017357-8D39-40E7-869D-5F38110F7F7C}.Debug|x64.ActiveCfg = Debug|x64
		{3D017357-8D39-40E7-869D-5F38110F7F7C}.Debug|x64.Build.0 = Debug|x64
		{3D017357-8D39-40E7-869D-5F38110F7F7C}.Debug|x86.ActiveCfg = Debug|Win32
		{3D017357-8D39-40E7-869D-5F38110F7F7C}.Debug|x86.Build.0 = Debug|Win32
		{3D017357-8D39-40E7-869D-5F38110F7F7C}.Release|x64.ActiveCfg = Release|x64
		{3D017357-8D39-40E7-869D-5F38110F7F7C}.Release|x64.Build.0 = Release|x64
		{3D017357-8D39-40E7-869D-5F38110F7F7C}.Release|x86.ActiveCfg = Release|Win32
		{3D017357-8D39-40E7-869D-5F38110F7F7C}.Release|x86.Build.0 = Release|Win32
		{B7A3DF98-4F00-42E6-91BF-5245F4E0C3DC}.Debug|x64.ActiveCfg = Debug|x64
		{B7A3DF98-4F00-42E6-91BF-5245F4E0C3DC}.Debug|x64.Build.0 = Debug|x64
		{B7A3DF98-4F00-42E6-91BF-5245F4E0C3DC}.Debug|x86.ActiveCfg = Debug|Win32
		{B7A3DF98-4F00-42E6-91BF-5245F4E0C3DC}.Debug|x86.Build.0 = Debug|Win32
		{B7A3DF98-4F00-42E6-91BF-5245F4E0C3DC}.Release|x64.ActiveCfg = Release|x64
		{B7A3DF98-4F00-42E6-91BF-5245F4E0C3DC}.Release|x64.Build.0 = Release|x64
		{B7A3DF98-4F00-42E6-91BF-5245F4E0C3DC}.Release|x86.ActiveCfg = Release|Win32
		{B7A3DF98-4F00-42E6-91BF-5245F4E0C3DC}.Release|x86.Build.0 = Release|Win32
		{D4D9CF19-BBCA-4428-8E1A-1C38C0F2E424}.Debug|x64.ActiveCfg = Debug|x64
		{D4D9CF19-BBCA-4428-8E1A-1C38C0F2E424}.Debug|x64.Build.0 = Debug|x64
		{D4D9CF19-BBCA-4428-8E1A-1C38C0F2E424}.Debug|x86.ActiveCfg = Debug|Win32
		{D4D9CF19-BBCA-4428-8E1A-1C38C0F2E424}.Debug|x86.Build.0 = Debug|Win32
		{D4D9CF19-BBCA-4428-8E1A-1C38C0F2E424}.Release|x64.ActiveCfg = Release|x64
		{D4D9CF19-BBCA-4428-8E1A-1C38C0F2E424}.Release|x64.Build.0 = Release|x64
		{D4D9CF19-BBCA-4428-8E1A-1C38C0F2E424}.Release|x86.ActiveCfg = Release|Win32
		{D4D9CF19-BBCA-4428-8E1A-1C38C0F2E424}.Release|x86.Build.0 = Release|Win32
	EndGlobalSection
	GlobalSection(SolutionProperties) = preSolution
		HideSolutionNode = FALSE
	EndGlobalSection
	GlobalSection(ExtensibilityGlobals) = postSolution
		SolutionGuid = {049CC1EF-1018-47C9-AF2E-3A6F5AC99FD0}
	EndGlobalSection
EndGlobal
